
Microsoft Visual Studio Solution File, Format Version 12.00
# Visual Studio Version 17
VisualStudioVersion = 17.10.35027.167
MinimumVisualStudioVersion = 10.0.40219.1
Project("{9A19103F-16F7-4668-BE54-9A1E7A4F7556}") = "Day01", "Day01\Day01.csproj", "{FE911CC1-D275-4494-8F92-8E6B5BAA9428}"
EndProject
Project("{9A19103F-16F7-4668-BE54-9A1E7A4F7556}") = "Common", "Common\Common.csproj", "{04E9963B-42A5-4F66-B642-948F962999C0}"
EndProject
Global
	GlobalSection(SolutionConfigurationPlatforms) = preSolution
		Debug|Any CPU = Debug|Any CPU
		Release|Any CPU = Release|Any CPU
	EndGlobalSection
	GlobalSection(ProjectConfigurationPlatforms) = postSolution
		{FE911CC1-D275-4494-8F92-8E6B5BAA9428}.Debug|Any CPU.ActiveCfg = Debug|Any CPU
		{FE911CC1-D275-4494-8F92-8E6B5BAA9428}.Debug|Any CPU.Build.0 = Debug|Any CPU
		{FE911CC1-D275-4494-8F92-8E6B5BAA9428}.Release|Any CPU.ActiveCfg = Release|Any CPU
		{FE911CC1-D275-4494-8F92-8E6B5BAA9428}.Release|Any CPU.Build.0 = Release|Any CPU
		{04E9963B-42A5-4F66-B642-948F962999C0}.Debug|Any CPU.ActiveCfg = Debug|Any CPU
		{04E9963B-42A5-4F66-B642-948F962999C0}.Debug|Any CPU.Build.0 = Debug|Any CPU
		{04E9963B-42A5-4F66-B642-948F962999C0}.Release|Any CPU.ActiveCfg = Release|Any CPU
		{04E9963B-42A5-4F66-B642-948F962999C0}.Release|Any CPU.Build.0 = Release|Any CPU
	EndGlobalSection
	GlobalSection(SolutionProperties) = preSolution
		HideSolutionNode = FALSE
	EndGlobalSection
	GlobalSection(ExtensibilityGlobals) = postSolution
		SolutionGuid = {FFF490A5-4672-4276-BF56-7FB3ADF7DCD3}
	EndGlobalSection
EndGlobal
